
Microsoft Visual Studio Solution File, Format Version 12.00
# Visual Studio Version 16
VisualStudioVersion = 16.0.28803.156
MinimumVisualStudioVersion = 10.0.40219.1
Project("{FAE04EC0-301F-11D3-BF4B-00C04F79EFBC}") = "Startup", "Startup\Startup.csproj", "{C4168F12-6C31-46E6-B491-ACEAA9C8ABF5}"
EndProject
Project("{FAE04EC0-301F-11D3-BF4B-00C04F79EFBC}") = "Data", "Data\Data.csproj", "{F32DB026-1A0A-42C0-9449-B70893C9C15D}"
EndProject
Project("{FAE04EC0-301F-11D3-BF4B-00C04F79EFBC}") = "Entities", "Entities\Entities.csproj", "{D6055B35-9DF9-42BF-8742-F1C16E6B752F}"
EndProject
Global
	GlobalSection(SolutionConfigurationPlatforms) = preSolution
		Debug|Any CPU = Debug|Any CPU
		Release|Any CPU = Release|Any CPU
	EndGlobalSection
	GlobalSection(ProjectConfigurationPlatforms) = postSolution
		{C4168F12-6C31-46E6-B491-ACEAA9C8ABF5}.Debug|Any CPU.ActiveCfg = Debug|Any CPU
		{C4168F12-6C31-46E6-B491-ACEAA9C8ABF5}.Debug|Any CPU.Build.0 = Debug|Any CPU
		{C4168F12-6C31-46E6-B491-ACEAA9C8ABF5}.Release|Any CPU.ActiveCfg = Release|Any CPU
		{C4168F12-6C31-46E6-B491-ACEAA9C8ABF5}.Release|Any CPU.Build.0 = Release|Any CPU
		{F32DB026-1A0A-42C0-9449-B70893C9C15D}.Debug|Any CPU.ActiveCfg = Debug|Any CPU
		{F32DB026-1A0A-42C0-9449-B70893C9C15D}.Debug|Any CPU.Build.0 = Debug|Any CPU
		{F32DB026-1A0A-42C0-9449-B70893C9C15D}.Release|Any CPU.ActiveCfg = Release|Any CPU
		{F32DB026-1A0A-42C0-9449-B70893C9C15D}.Release|Any CPU.Build.0 = Release|Any CPU
		{D6055B35-9DF9-42BF-8742-F1C16E6B752F}.Debug|Any CPU.ActiveCfg = Debug|Any CPU
		{D6055B35-9DF9-42BF-8742-F1C16E6B752F}.Debug|Any CPU.Build.0 = Debug|Any CPU
		{D6055B35-9DF9-42BF-8742-F1C16E6B752F}.Release|Any CPU.ActiveCfg = Release|Any CPU
		{D6055B35-9DF9-42BF-8742-F1C16E6B752F}.Release|Any CPU.Build.0 = Release|Any CPU
	EndGlobalSection
	GlobalSection(SolutionProperties) = preSolution
		HideSolutionNode = FALSE
	EndGlobalSection
	GlobalSection(ExtensibilityGlobals) = postSolution
		SolutionGuid = {91F831F0-007E-46E1-96C2-26FFFA613672}
	EndGlobalSection
EndGlobal
